
Microsoft Visual Studio Solution File, Format Version 12.00
# Visual Studio Version 17
VisualStudioVersion = 17.8.34322.80
MinimumVisualStudioVersion = 10.0.40219.1
Project("{FAE04EC0-301F-11D3-BF4B-00C04F79EFBC}") = "azure-app-mimi-vs", "azure-app-mimi-vs\azure-app-mimi-vs.csproj", "{9FD52E5A-DA9C-4B0D-8C5A-4EC36E0C7FF9}"
EndProject
Global
	GlobalSection(SolutionConfigurationPlatforms) = preSolution
		Debug|Any CPU = Debug|Any CPU
		Release|Any CPU = Release|Any CPU
	EndGlobalSection
	GlobalSection(ProjectConfigurationPlatforms) = postSolution
		{9FD52E5A-DA9C-4B0D-8C5A-4EC36E0C7FF9}.Debug|Any CPU.ActiveCfg = Debug|Any CPU
		{9FD52E5A-DA9C-4B0D-8C5A-4EC36E0C7FF9}.Debug|Any CPU.Build.0 = Debug|Any CPU
		{9FD52E5A-DA9C-4B0D-8C5A-4EC36E0C7FF9}.Release|Any CPU.ActiveCfg = Release|Any CPU
		{9FD52E5A-DA9C-4B0D-8C5A-4EC36E0C7FF9}.Release|Any CPU.Build.0 = Release|Any CPU
	EndGlobalSection
	GlobalSection(SolutionProperties) = preSolution
		HideSolutionNode = FALSE
	EndGlobalSection
	GlobalSection(ExtensibilityGlobals) = postSolution
		SolutionGuid = {845934B7-E762-49A8-B4A1-474BE9CC1C0C}
	EndGlobalSection
EndGlobal
